
Microsoft Visual Studio Solution File, Format Version 12.00
# Visual Studio Version 16
VisualStudioVersion = 16.0.30523.141
MinimumVisualStudioVersion = 10.0.40219.1
Project("{FAE04EC0-301F-11D3-BF4B-00C04F79EFBC}") = "CSharpGameDevFoundation", "CSharpGameDevFoundation\CSharpGameDevFoundation.csproj", "{99F5CBE3-65E2-4CBD-B87C-0C53FAA6906D}"
EndProject
Global
	GlobalSection(SolutionConfigurationPlatforms) = preSolution
		Debug|Any CPU = Debug|Any CPU
		Release|Any CPU = Release|Any CPU
	EndGlobalSection
	GlobalSection(ProjectConfigurationPlatforms) = postSolution
		{99F5CBE3-65E2-4CBD-B87C-0C53FAA6906D}.Debug|Any CPU.ActiveCfg = Debug|Any CPU
		{99F5CBE3-65E2-4CBD-B87C-0C53FAA6906D}.Debug|Any CPU.Build.0 = Debug|Any CPU
		{99F5CBE3-65E2-4CBD-B87C-0C53FAA6906D}.Release|Any CPU.ActiveCfg = Release|Any CPU
		{99F5CBE3-65E2-4CBD-B87C-0C53FAA6906D}.Release|Any CPU.Build.0 = Release|Any CPU
	EndGlobalSection
	GlobalSection(SolutionProperties) = preSolution
		HideSolutionNode = FALSE
	EndGlobalSection
	GlobalSection(ExtensibilityGlobals) = postSolution
		SolutionGuid = {545B72F3-A7F6-45B2-B7A0-AFB3296E33B6}
	EndGlobalSection
EndGlobal
